
Microsoft Visual Studio Solution File, Format Version 12.00
# Visual Studio 15
VisualStudioVersion = 15.0.26430.13
MinimumVisualStudioVersion = 10.0.40219.1
Project("{FAE04EC0-301F-11D3-BF4B-00C04F79EFBC}") = "FibonacciNumbers", "FibonacciNumbers\FibonacciNumbers.csproj", "{299452A0-2CD5-471C-AEB1-3242143334D5}"
EndProject
Project("{FAE04EC0-301F-11D3-BF4B-00C04F79EFBC}") = "ChangeNumberTuttiFrutti", "..\ChangeNumberTuttiFrutti\ChangeNumberTuttiFrutti\ChangeNumberTuttiFrutti.csproj", "{4BB5BABC-42B8-4B17-8DDA-356FA2A18C8F}"
EndProject
Project("{FAE04EC0-301F-11D3-BF4B-00C04F79EFBC}") = "SpecialOutputOfMultipleNumbers_v2", "C:\Users\User\Documents\Visual Studio 2017\Projects\SpecialOutputOfMultipleNumbers_v2\SpecialOutputOfMultipleNumbers_v2\SpecialOutputOfMultipleNumbers_v2.csproj", "{FDBB3DDD-E2BC-45C6-8142-F845296900DB}"
EndProject
Global
	GlobalSection(SolutionConfigurationPlatforms) = preSolution
		Debug|Any CPU = Debug|Any CPU
		Release|Any CPU = Release|Any CPU
	EndGlobalSection
	GlobalSection(ProjectConfigurationPlatforms) = postSolution
		{299452A0-2CD5-471C-AEB1-3242143334D5}.Debug|Any CPU.ActiveCfg = Debug|Any CPU
		{299452A0-2CD5-471C-AEB1-3242143334D5}.Debug|Any CPU.Build.0 = Debug|Any CPU
		{299452A0-2CD5-471C-AEB1-3242143334D5}.Release|Any CPU.ActiveCfg = Release|Any CPU
		{299452A0-2CD5-471C-AEB1-3242143334D5}.Release|Any CPU.Build.0 = Release|Any CPU
		{4BB5BABC-42B8-4B17-8DDA-356FA2A18C8F}.Debug|Any CPU.ActiveCfg = Debug|Any CPU
		{4BB5BABC-42B8-4B17-8DDA-356FA2A18C8F}.Debug|Any CPU.Build.0 = Debug|Any CPU
		{4BB5BABC-42B8-4B17-8DDA-356FA2A18C8F}.Release|Any CPU.ActiveCfg = Release|Any CPU
		{4BB5BABC-42B8-4B17-8DDA-356FA2A18C8F}.Release|Any CPU.Build.0 = Release|Any CPU
		{FDBB3DDD-E2BC-45C6-8142-F845296900DB}.Debug|Any CPU.ActiveCfg = Debug|Any CPU
		{FDBB3DDD-E2BC-45C6-8142-F845296900DB}.Debug|Any CPU.Build.0 = Debug|Any CPU
		{FDBB3DDD-E2BC-45C6-8142-F845296900DB}.Release|Any CPU.ActiveCfg = Release|Any CPU
		{FDBB3DDD-E2BC-45C6-8142-F845296900DB}.Release|Any CPU.Build.0 = Release|Any CPU
	EndGlobalSection
	GlobalSection(SolutionProperties) = preSolution
		HideSolutionNode = FALSE
	EndGlobalSection
EndGlobal
